{
	"name": "@socketry/presently-workspace",
	"lockfileVersion": 3,
	"requires": true,
	"packages": {
		"": {
			"name": "@socketry/presently-workspace",
			"workspaces": [
				"components/*"
			]
		},
		"components/presently": {
			"name": "@socketry/presently",
			"license": "MIT",
			"dependencies": {
				"@socketry/live": "^0.17.0",
				"@socketry/syntax": "^0.6.2",
				"animejs": "^4.5.0"
			}
		},
		"node_modules/@socketry/live": {
			"version": "0.17.0",
			"resolved": "https://registry.npmjs.org/@socketry/live/-/live-0.17.0.tgz",
			"integrity": "sha512-dLny3mgc/DiypaHojJ4+lb8y9dilTJBHOOTkJ4fhhjM0IFDOD28xsIvghwryoIbtaJZGaKd9BVaDLZc1AG+YLA==",
			"license": "MIT",
			"dependencies": {
				"morphdom": "^2.7"
			}
		},
		"node_modules/@socketry/presently": {
			"resolved": "components/presently",
			"link": true
		},
		"node_modules/@socketry/syntax": {
			"version": "0.6.2",
			"resolved": "https://registry.npmjs.org/@socketry/syntax/-/syntax-0.6.2.tgz",
			"integrity": "sha512-K+CnV/L4p39/LCR9fnycYahz8Nbo4MjRCiyaR4uIqE7zvwIQ+BkDsJkM1skz1oDvH8iIZrkVVDC01dpQ1a2VeA==",
			"license": "MIT"
		},
		"node_modules/animejs": {
			"version": "4.5.0",
			"resolved": "https://registry.npmjs.org/animejs/-/animejs-4.5.0.tgz",
			"integrity": "sha512-NQimYX+lz8WaXonGS9zVVoviCIAjONeJayxacUditaivYLqyXgGjFKjuyl0aUUhFKm5MriX9ty1TGovNzoJQWA==",
			"license": "MIT",
			"funding": {
				"type": "github",
				"url": "https://github.com/sponsors/juliangarnier"
			},
			"peerDependencies": {
				"@types/three": ">=0.150.0",
				"three": ">=0.150.0"
			},
			"peerDependenciesMeta": {
				"@types/three": {
					"optional": true
				},
				"three": {
					"optional": true
				}
			}
		},
		"node_modules/morphdom": {
			"version": "2.7.8",
			"resolved": "https://registry.npmjs.org/morphdom/-/morphdom-2.7.8.tgz",
			"integrity": "sha512-D/fR4xgGUyVRbdMGU6Nejea1RFzYxYtyurG4Fbv2Fi/daKlWKuXGLOdXtl+3eIwL110cI2hz1ZojGICjjFLgTg==",
			"license": "MIT"
		}
	}
}
