{
	"name": "@socketry/presently",
	"lockfileVersion": 3,
	"requires": true,
	"packages": {
		"": {
			"name": "@socketry/presently",
			"dependencies": {
				"@socketry/syntax": "^0.6.1"
			}
		},
		"node_modules/@socketry/syntax": {
			"version": "0.6.1",
			"resolved": "https://registry.npmjs.org/@socketry/syntax/-/syntax-0.6.1.tgz",
			"integrity": "sha512-PFhYoPxKxB9YJorfcOx92++tKpiET8KpuxHbo9VbcAj9bINeVYCkAsMNgbswnxf9whLNZsAj5FCqt0I8oGAe2g==",
			"license": "MIT"
		}
	}
}
